{
  "nodes": {
    "nixpkgs": {
      "locked": {
        "lastModified": 1703455112,
        "narHash": "sha256-WVw8zFsiUJ8wXNZUy/QXOmctS4tqOnhj+uAtmnKANyA=",
        "owner": "NixOS",
        "repo": "nixpkgs",
        "rev": "8999c9d930c526d9f8e8761847e5ee939744590d",
        "type": "github"
      },
      "original": {
        "owner": "NixOS",
        "repo": "nixpkgs",
        "type": "github"
      }
    },
    "root": {
      "inputs": {
        "nixpkgs": "nixpkgs"
      }
    }
  },
  "root": "root",
  "version": 7
}
