{
  "nodes": {
    "nixpkgs": {
      "locked": {
        "lastModified": 1725784592,
        "narHash": "sha256-+q9YZ4HWL50epIkN7o25UmiPx9kHylkpwMwF2ynSdcc=",
        "owner": "NixOS",
        "repo": "nixpkgs",
        "rev": "17fb773308a8558abaa05b5df71cdaf3e5208e66",
        "type": "github"
      },
      "original": {
        "owner": "NixOS",
        "ref": "nixpkgs-unstable",
        "repo": "nixpkgs",
        "type": "github"
      }
    },
    "root": {
      "inputs": {
        "nixpkgs": "nixpkgs"
      }
    }
  },
  "root": "root",
  "version": 7
}
